// !$*UTF8*$!
{
	archiveVersion = 1;
	classes = {
	};
	objectVersion = 46;
	objects = {

/* Begin PBXBuildFile section */
		A7AF3C261DFFF8AA007C3C2A /* AppDelegate.swift in Sources */ = {isa = PBXBuildFile; fileRef = A7AF3C251DFFF8AA007C3C2A /* AppDelegate.swift */; };
		A7AF3C2B1DFFF8AA007C3C2A /* Main.storyboard in Resources */ = {isa = PBXBuildFile; fileRef = A7AF3C291DFFF8AA007C3C2A /* Main.storyboard */; };
		A7AF3C2D1DFFF8AA007C3C2A /* Assets.xcassets in Resources */ = {isa = PBXBuildFile; fileRef = A7AF3C2C1DFFF8AA007C3C2A /* Assets.xcassets */; };
		A7AF3C301DFFF8AA007C3C2A /* LaunchScreen.storyboard in Resources */ = {isa = PBXBuildFile; fileRef = A7AF3C2E1DFFF8AA007C3C2A /* LaunchScreen.storyboard */; };
		A7AF3C3B1DFFFD53007C3C2A /* DropItView.swift in Sources */ = {isa = PBXBuildFile; fileRef = A7AF3C3A1DFFFD53007C3C2A /* DropItView.swift */; };
		A7AF3C3D1DFFFD84007C3C2A /* DropItViewController.swift in Sources */ = {isa = PBXBuildFile; fileRef = A7AF3C3C1DFFFD84007C3C2A /* DropItViewController.swift */; };
		A7AF3C3F1E000E85007C3C2A /* UIKitExtensions.swift in Sources */ = {isa = PBXBuildFile; fileRef = A7AF3C3E1E000E85007C3C2A /* UIKitExtensions.swift */; };
		A7AF3C411E002774007C3C2A /* FallingObjectBehavior.swift in Sources */ = {isa = PBXBuildFile; fileRef = A7AF3C401E002774007C3C2A /* FallingObjectBehavior.swift */; };
/* End PBXBuildFile section */

/* Begin PBXFileReference section */
		A7AF3C221DFFF8AA007C3C2A /* DropIt.app */ = {isa = PBXFileReference; explicitFileType = wrapper.application; includeInIndex = 0; path = DropIt.app; sourceTree = BUILT_PRODUCTS_DIR; };
		A7AF3C251DFFF8AA007C3C2A /* AppDelegate.swift */ = {isa = PBXFileReference; lastKnownFileType = sourcecode.swift; path = AppDelegate.swift; sourceTree = "<group>"; };
		A7AF3C2A1DFFF8AA007C3C2A /* Base */ = {isa = PBXFileReference; lastKnownFileType = file.storyboard; name = Base; path = Base.lproj/Main.storyboard; sourceTree = "<group>"; };
		A7AF3C2C1DFFF8AA007C3C2A /* Assets.xcassets */ = {isa = PBXFileReference; lastKnownFileType = folder.assetcatalog; path = Assets.xcassets; sourceTree = "<group>"; };
		A7AF3C2F1DFFF8AA007C3C2A /* Base */ = {isa = PBXFileReference; lastKnownFileType = file.storyboard; name = Base; path = Base.lproj/LaunchScreen.storyboard; sourceTree = "<group>"; };
		A7AF3C311DFFF8AA007C3C2A /* Info.plist */ = {isa = PBXFileReference; lastKnownFileType = text.plist.xml; path = Info.plist; sourceTree = "<group>"; };
		A7AF3C3A1DFFFD53007C3C2A /* DropItView.swift */ = {isa = PBXFileReference; fileEncoding = 4; lastKnownFileType = sourcecode.swift; path = DropItView.swift; sourceTree = "<group>"; };
		A7AF3C3C1DFFFD84007C3C2A /* DropItViewController.swift */ = {isa = PBXFileReference; fileEncoding = 4; lastKnownFileType = sourcecode.swift; path = DropItViewController.swift; sourceTree = "<group>"; };
		A7AF3C3E1E000E85007C3C2A /* UIKitExtensions.swift */ = {isa = PBXFileReference; fileEncoding = 4; lastKnownFileType = sourcecode.swift; path = UIKitExtensions.swift; sourceTree = "<group>"; };
		A7AF3C401E002774007C3C2A /* FallingObjectBehavior.swift */ = {isa = PBXFileReference; fileEncoding = 4; lastKnownFileType = sourcecode.swift; path = FallingObjectBehavior.swift; sourceTree = "<group>"; };
/* End PBXFileReference section */

/* Begin PBXFrameworksBuildPhase section */
		A7AF3C1F1DFFF8AA007C3C2A /* Frameworks */ = {
			isa = PBXFrameworksBuildPhase;
			buildActionMask = 2147483647;
			files = (
			);
			runOnlyForDeploymentPostprocessing = 0;
		};
/* End PBXFrameworksBuildPhase section */

/* Begin PBXGroup section */
		A7AF3C191DFFF8AA007C3C2A = {
			isa = PBXGroup;
			children = (
				A7AF3C241DFFF8AA007C3C2A /* DropIt */,
				A7AF3C231DFFF8AA007C3C2A /* Products */,
			);
			sourceTree = "<group>";
		};
		A7AF3C231DFFF8AA007C3C2A /* Products */ = {
			isa = PBXGroup;
			children = (
				A7AF3C221DFFF8AA007C3C2A /* DropIt.app */,
			);
			name = Products;
			sourceTree = "<group>";
		};
		A7AF3C241DFFF8AA007C3C2A /* DropIt */ = {
			isa = PBXGroup;
			children = (
				A7AF3C3A1DFFFD53007C3C2A /* DropItView.swift */,
				A7AF3C401E002774007C3C2A /* FallingObjectBehavior.swift */,
				A7AF3C3C1DFFFD84007C3C2A /* DropItViewController.swift */,
				A7AF3C371DFFF8D6007C3C2A /* Supporting files */,
				A7AF3C291DFFF8AA007C3C2A /* Main.storyboard */,
				A7AF3C3E1E000E85007C3C2A /* UIKitExtensions.swift */,
			);
			path = DropIt;
			sourceTree = "<group>";
		};
		A7AF3C371DFFF8D6007C3C2A /* Supporting files */ = {
			isa = PBXGroup;
			children = (
				A7AF3C251DFFF8AA007C3C2A /* AppDelegate.swift */,
				A7AF3C2C1DFFF8AA007C3C2A /* Assets.xcassets */,
				A7AF3C2E1DFFF8AA007C3C2A /* LaunchScreen.storyboard */,
				A7AF3C311DFFF8AA007C3C2A /* Info.plist */,
			);
			name = "Supporting files";
			sourceTree = "<group>";
		};
/* End PBXGroup section */

/* Begin PBXNativeTarget section */
		A7AF3C211DFFF8AA007C3C2A /* DropIt */ = {
			isa = PBXNativeTarget;
			buildConfigurationList = A7AF3C341DFFF8AA007C3C2A /* Build configuration list for PBXNativeTarget "DropIt" */;
			buildPhases = (
				A7AF3C1E1DFFF8AA007C3C2A /* Sources */,
				A7AF3C1F1DFFF8AA007C3C2A /* Frameworks */,
				A7AF3C201DFFF8AA007C3C2A /* Resources */,
			);
			buildRules = (
			);
			dependencies = (
			);
			name = DropIt;
			productName = DropIt;
			productReference = A7AF3C221DFFF8AA007C3C2A /* DropIt.app */;
			productType = "com.apple.product-type.application";
		};
/* End PBXNativeTarget section */

/* Begin PBXProject section */
		A7AF3C1A1DFFF8AA007C3C2A /* Project object */ = {
			isa = PBXProject;
			attributes = {
				LastSwiftUpdateCheck = 0810;
				LastUpgradeCheck = 0810;
				ORGANIZATIONNAME = "Dmytro Hrek";
				TargetAttributes = {
					A7AF3C211DFFF8AA007C3C2A = {
						CreatedOnToolsVersion = 8.1;
						DevelopmentTeam = Q4ZZKZN88V;
						ProvisioningStyle = Automatic;
					};
				};
			};
			buildConfigurationList = A7AF3C1D1DFFF8AA007C3C2A /* Build configuration list for PBXProject "DropIt" */;
			compatibilityVersion = "Xcode 3.2";
			developmentRegion = English;
			hasScannedForEncodings = 0;
			knownRegions = (
				en,
				Base,
			);
			mainGroup = A7AF3C191DFFF8AA007C3C2A;
			productRefGroup = A7AF3C231DFFF8AA007C3C2A /* Products */;
			projectDirPath = "";
			projectRoot = "";
			targets = (
				A7AF3C211DFFF8AA007C3C2A /* DropIt */,
			);
		};
/* End PBXProject section */

/* Begin PBXResourcesBuildPhase section */
		A7AF3C201DFFF8AA007C3C2A /* Resources */ = {
			isa = PBXResourcesBuildPhase;
			buildActionMask = 2147483647;
			files = (
				A7AF3C301DFFF8AA007C3C2A /* LaunchScreen.storyboard in Resources */,
				A7AF3C2D1DFFF8AA007C3C2A /* Assets.xcassets in Resources */,
				A7AF3C2B1DFFF8AA007C3C2A /* Main.storyboard in Resources */,
			);
			runOnlyForDeploymentPostprocessing = 0;
		};
/* End PBXResourcesBuildPhase section */

/* Begin PBXSourcesBuildPhase section */
		A7AF3C1E1DFFF8AA007C3C2A /* Sources */ = {
			isa = PBXSourcesBuildPhase;
			buildActionMask = 2147483647;
			files = (
				A7AF3C3D1DFFFD84007C3C2A /* DropItViewController.swift in Sources */,
				A7AF3C3B1DFFFD53007C3C2A /* DropItView.swift in Sources */,
				A7AF3C3F1E000E85007C3C2A /* UIKitExtensions.swift in Sources */,
				A7AF3C411E002774007C3C2A /* FallingObjectBehavior.swift in Sources */,
				A7AF3C261DFFF8AA007C3C2A /* AppDelegate.swift in Sources */,
			);
			runOnlyForDeploymentPostprocessing = 0;
		};
/* End PBXSourcesBuildPhase section */

/* Begin PBXVariantGroup section */
		A7AF3C291DFFF8AA007C3C2A /* Main.storyboard */ = {
			isa = PBXVariantGroup;
			children = (
				A7AF3C2A1DFFF8AA007C3C2A /* Base */,
			);
			name = Main.storyboard;
			sourceTree = "<group>";
		};
		A7AF3C2E1DFFF8AA007C3C2A /* LaunchScreen.storyboard */ = {
			isa = PBXVariantGroup;
			children = (
				A7AF3C2F1DFFF8AA007C3C2A /* Base */,
			);
			name = LaunchScreen.storyboard;
			sourceTree = "<group>";
		};
/* End PBXVariantGroup section */

/* Begin XCBuildConfiguration section */
		A7AF3C321DFFF8AA007C3C2A /* Debug */ = {
			isa = XCBuildConfiguration;
			buildSettings = {
				ALWAYS_SEARCH_USER_PATHS = NO;
				CLANG_ANALYZER_NONNULL = YES;
				CLANG_CXX_LANGUAGE_STANDARD = "gnu++0x";
				CLANG_CXX_LIBRARY = "libc++";
				CLANG_ENABLE_MODULES = YES;
				CLANG_ENABLE_OBJC_ARC = YES;
				CLANG_WARN_BOOL_CONVERSION = YES;
				CLANG_WARN_CONSTANT_CONVERSION = YES;
				CLANG_WARN_DIRECT_OBJC_ISA_USAGE = YES_ERROR;
				CLANG_WARN_DOCUMENTATION_COMMENTS = YES;
				CLANG_WARN_EMPTY_BODY = YES;
				CLANG_WARN_ENUM_CONVERSION = YES;
				CLANG_WARN_INFINITE_RECURSION = YES;
				CLANG_WARN_INT_CONVERSION = YES;
				CLANG_WARN_OBJC_ROOT_CLASS = YES_ERROR;
				CLANG_WARN_SUSPICIOUS_MOVES = YES;
				CLANG_WARN_UNREACHABLE_CODE = YES;
				CLANG_WARN__DUPLICATE_METHOD_MATCH = YES;
				"CODE_SIGN_IDENTITY[sdk=iphoneos*]" = "iPhone Developer";
				COPY_PHASE_STRIP = NO;
				DEBUG_INFORMATION_FORMAT = dwarf;
				ENABLE_STRICT_OBJC_MSGSEND = YES;
				ENABLE_TESTABILITY = YES;
				GCC_C_LANGUAGE_STANDARD = gnu99;
				GCC_DYNAMIC_NO_PIC = NO;
				GCC_NO_COMMON_BLOCKS = YES;
				GCC_OPTIMIZATION_LEVEL = 0;
				GCC_PREPROCESSOR_DEFINITIONS = (
					"DEBUG=1",
					"$(inherited)",
				);
				GCC_WARN_64_TO_32_BIT_CONVERSION = YES;
				GCC_WARN_ABOUT_RETURN_TYPE = YES_ERROR;
				GCC_WARN_UNDECLARED_SELECTOR = YES;
				GCC_WARN_UNINITIALIZED_AUTOS = YES_AGGRESSIVE;
				GCC_WARN_UNUSED_FUNCTION = YES;
				GCC_WARN_UNUSED_VARIABLE = YES;
				IPHONEOS_DEPLOYMENT_TARGET = 10.1;
				MTL_ENABLE_DEBUG_INFO = YES;
				ONLY_ACTIVE_ARCH = YES;
				SDKROOT = iphoneos;
				SWIFT_ACTIVE_COMPILATION_CONDITIONS = DEBUG;
				SWIFT_OPTIMIZATION_LEVEL = "-Onone";
				TARGETED_DEVICE_FAMILY = "1,2";
			};
			name = Debug;
		};
		A7AF3C331DFFF8AA007C3C2A /* Release */ = {
			isa = XCBuildConfiguration;
			buildSettings = {
				ALWAYS_SEARCH_USER_PATHS = NO;
				CLANG_ANALYZER_NONNULL = YES;
				CLANG_CXX_LANGUAGE_STANDARD = "gnu++0x";
				CLANG_CXX_LIBRARY = "libc++";
				CLANG_ENABLE_MODULES = YES;
				CLANG_ENABLE_OBJC_ARC = YES;
				CLANG_WARN_BOOL_CONVERSION = YES;
				CLANG_WARN_CONSTANT_CONVERSION = YES;
				CLANG_WARN_DIRECT_OBJC_ISA_USAGE = YES_ERROR;
				CLANG_WARN_DOCUMENTATION_COMMENTS = YES;
				CLANG_WARN_EMPTY_BODY = YES;
				CLANG_WARN_ENUM_CONVERSION = YES;
				CLANG_WARN_INFINITE_RECURSION = YES;
				CLANG_WARN_INT_CONVERSION = YES;
				CLANG_WARN_OBJC_ROOT_CLASS = YES_ERROR;
				CLANG_WARN_SUSPICIOUS_MOVES = YES;
				CLANG_WARN_UNREACHABLE_CODE = YES;
				CLANG_WARN__DUPLICATE_METHOD_MATCH = YES;
				"CODE_SIGN_IDENTITY[sdk=iphoneos*]" = "iPhone Developer";
				COPY_PHASE_STRIP = NO;
				DEBUG_INFORMATION_FORMAT = "dwarf-with-dsym";
				ENABLE_NS_ASSERTIONS = NO;
				ENABLE_STRICT_OBJC_MSGSEND = YES;
				GCC_C_LANGUAGE_STANDARD = gnu99;
				GCC_NO_COMMON_BLOCKS = YES;
				GCC_WARN_64_TO_32_BIT_CONVERSION = YES;
				GCC_WARN_ABOUT_RETURN_TYPE = YES_ERROR;
				GCC_WARN_UNDECLARED_SELECTOR = YES;
				GCC_WARN_UNINITIALIZED_AUTOS = YES_AGGRESSIVE;
				GCC_WARN_UNUSED_FUNCTION = YES;
				GCC_WARN_UNUSED_VARIABLE = YES;
				IPHONEOS_DEPLOYMENT_TARGET = 10.1;
				MTL_ENABLE_DEBUG_INFO = NO;
				SDKROOT = iphoneos;
				SWIFT_OPTIMIZATION_LEVEL = "-Owholemodule";
				TARGETED_DEVICE_FAMILY = "1,2";
				VALIDATE_PRODUCT = YES;
			};
			name = Release;
		};
		A7AF3C351DFFF8AA007C3C2A /* Debug */ = {
			isa = XCBuildConfiguration;
			buildSettings = {
				ASSETCATALOG_COMPILER_APPICON_NAME = AppIcon;
				DEVELOPMENT_TEAM = Q4ZZKZN88V;
				INFOPLIST_FILE = DropIt/Info.plist;
				LD_RUNPATH_SEARCH_PATHS = "$(inherited) @executable_path/Frameworks";
				PRODUCT_BUNDLE_IDENTIFIER = Ciklum.DropIt;
				PRODUCT_NAME = "$(TARGET_NAME)";
				SWIFT_VERSION = 3.0;
			};
			name = Debug;
		};
		A7AF3C361DFFF8AA007C3C2A /* Release */ = {
			isa = XCBuildConfiguration;
			buildSettings = {
				ASSETCATALOG_COMPILER_APPICON_NAME = AppIcon;
				DEVELOPMENT_TEAM = Q4ZZKZN88V;
				INFOPLIST_FILE = DropIt/Info.plist;
				LD_RUNPATH_SEARCH_PATHS = "$(inherited) @executable_path/Frameworks";
				PRODUCT_BUNDLE_IDENTIFIER = Ciklum.DropIt;
				PRODUCT_NAME = "$(TARGET_NAME)";
				SWIFT_VERSION = 3.0;
			};
			name = Release;
		};
/* End XCBuildConfiguration section */

/* Begin XCConfigurationList section */
		A7AF3C1D1DFFF8AA007C3C2A /* Build configuration list for PBXProject "DropIt" */ = {
			isa = XCConfigurationList;
			buildConfigurations = (
				A7AF3C321DFFF8AA007C3C2A /* Debug */,
				A7AF3C331DFFF8AA007C3C2A /* Release */,
			);
			defaultConfigurationIsVisible = 0;
			defaultConfigurationName = Release;
		};
		A7AF3C341DFFF8AA007C3C2A /* Build configuration list for PBXNativeTarget "DropIt" */ = {
			isa = XCConfigurationList;
			buildConfigurations = (
				A7AF3C351DFFF8AA007C3C2A /* Debug */,
				A7AF3C361DFFF8AA007C3C2A /* Release */,
			);
			defaultConfigurationIsVisible = 0;
		};
/* End XCConfigurationList section */
	};
	rootObject = A7AF3C1A1DFFF8AA007C3C2A /* Project object */;
}
